
Microsoft Visual Studio Solution File, Format Version 12.00
# Visual Studio Version 17
VisualStudioVersion = 17.11.35208.52
MinimumVisualStudioVersion = 10.0.40219.1
Project("{FAE04EC0-301F-11D3-BF4B-00C04F79EFBC}") = "Vexillology v4", "Vexillology v4\Vexillology v4.csproj", "{9EB2A4A9-B800-47CE-B8CD-8A0943B490B6}"
EndProject
Project("{FAE04EC0-301F-11D3-BF4B-00C04F79EFBC}") = "AmericaFlagsClassLibrary", "AmericaFlagsClassLibrary\AmericaFlagsClassLibrary.csproj", "{B2F6372E-F06A-4231-8909-084552C94507}"
EndProject
Project("{FAE04EC0-301F-11D3-BF4B-00C04F79EFBC}") = "WorldFlagsClassLibrary", "WorldFlagsClassLibrary\WorldFlagsClassLibrary.csproj", "{069538B4-5CE3-4020-AFE5-CF6AAF9BEB92}"
EndProject
Global
	GlobalSection(SolutionConfigurationPlatforms) = preSolution
		Debug|Any CPU = Debug|Any CPU
		Release|Any CPU = Release|Any CPU
	EndGlobalSection
	GlobalSection(ProjectConfigurationPlatforms) = postSolution
		{9EB2A4A9-B800-47CE-B8CD-8A0943B490B6}.Debug|Any CPU.ActiveCfg = Debug|Any CPU
		{9EB2A4A9-B800-47CE-B8CD-8A0943B490B6}.Debug|Any CPU.Build.0 = Debug|Any CPU
		{9EB2A4A9-B800-47CE-B8CD-8A0943B490B6}.Release|Any CPU.ActiveCfg = Release|Any CPU
		{9EB2A4A9-B800-47CE-B8CD-8A0943B490B6}.Release|Any CPU.Build.0 = Release|Any CPU
		{B2F6372E-F06A-4231-8909-084552C94507}.Debug|Any CPU.ActiveCfg = Debug|Any CPU
		{B2F6372E-F06A-4231-8909-084552C94507}.Debug|Any CPU.Build.0 = Debug|Any CPU
		{B2F6372E-F06A-4231-8909-084552C94507}.Release|Any CPU.ActiveCfg = Release|Any CPU
		{B2F6372E-F06A-4231-8909-084552C94507}.Release|Any CPU.Build.0 = Release|Any CPU
		{069538B4-5CE3-4020-AFE5-CF6AAF9BEB92}.Debug|Any CPU.ActiveCfg = Debug|Any CPU
		{069538B4-5CE3-4020-AFE5-CF6AAF9BEB92}.Debug|Any CPU.Build.0 = Debug|Any CPU
		{069538B4-5CE3-4020-AFE5-CF6AAF9BEB92}.Release|Any CPU.ActiveCfg = Release|Any CPU
		{069538B4-5CE3-4020-AFE5-CF6AAF9BEB92}.Release|Any CPU.Build.0 = Release|Any CPU
	EndGlobalSection
	GlobalSection(SolutionProperties) = preSolution
		HideSolutionNode = FALSE
	EndGlobalSection
	GlobalSection(ExtensibilityGlobals) = postSolution
		SolutionGuid = {74F3F531-3D69-445C-8BC8-BB0642C8A709}
	EndGlobalSection
EndGlobal
